
Microsoft Visual Studio Solution File, Format Version 12.00
# Visual Studio Version 17
VisualStudioVersion = 17.0.32014.148
MinimumVisualStudioVersion = 10.0.40219.1
Project("{FAE04EC0-301F-11D3-BF4B-00C04F79EFBC}") = "ASP-NotesApp", "ASP-NotesApp\ASP-NotesApp.csproj", "{204907BE-0B4C-47C5-8B87-D498C59DC78F}"
EndProject
Project("{FAE04EC0-301F-11D3-BF4B-00C04F79EFBC}") = "ASP_NotesApp.Tests", "ASP_NotesApp.Tests\ASP_NotesApp.Tests.csproj", "{A0B6CDAA-1D02-4590-8A21-577AEF89F5CB}"
EndProject
Global
	GlobalSection(SolutionConfigurationPlatforms) = preSolution
		Debug|Any CPU = Debug|Any CPU
		Release|Any CPU = Release|Any CPU
	EndGlobalSection
	GlobalSection(ProjectConfigurationPlatforms) = postSolution
		{204907BE-0B4C-47C5-8B87-D498C59DC78F}.Debug|Any CPU.ActiveCfg = Debug|Any CPU
		{204907BE-0B4C-47C5-8B87-D498C59DC78F}.Debug|Any CPU.Build.0 = Debug|Any CPU
		{204907BE-0B4C-47C5-8B87-D498C59DC78F}.Release|Any CPU.ActiveCfg = Release|Any CPU
		{204907BE-0B4C-47C5-8B87-D498C59DC78F}.Release|Any CPU.Build.0 = Release|Any CPU
		{A0B6CDAA-1D02-4590-8A21-577AEF89F5CB}.Debug|Any CPU.ActiveCfg = Debug|Any CPU
		{A0B6CDAA-1D02-4590-8A21-577AEF89F5CB}.Debug|Any CPU.Build.0 = Debug|Any CPU
		{A0B6CDAA-1D02-4590-8A21-577AEF89F5CB}.Release|Any CPU.ActiveCfg = Release|Any CPU
		{A0B6CDAA-1D02-4590-8A21-577AEF89F5CB}.Release|Any CPU.Build.0 = Release|Any CPU
	EndGlobalSection
	GlobalSection(SolutionProperties) = preSolution
		HideSolutionNode = FALSE
	EndGlobalSection
	GlobalSection(ExtensibilityGlobals) = postSolution
		SolutionGuid = {C35851CB-C7DE-4536-B15D-3D733E4B92DE}
	EndGlobalSection
EndGlobal
